
Microsoft Visual Studio Solution File, Format Version 12.00
# Visual Studio Version 17
VisualStudioVersion = 17.4.33205.214
MinimumVisualStudioVersion = 10.0.40219.1
Project("{FAE04EC0-301F-11D3-BF4B-00C04F79EFBC}") = "AgendaDeTarefas", "AgendaDeTarefas\AgendaDeTarefas.csproj", "{0B952BEE-1304-4678-94AF-929B5A3FB741}"
EndProject
Global
	GlobalSection(SolutionConfigurationPlatforms) = preSolution
		Debug|Any CPU = Debug|Any CPU
		Release|Any CPU = Release|Any CPU
	EndGlobalSection
	GlobalSection(ProjectConfigurationPlatforms) = postSolution
		{0B952BEE-1304-4678-94AF-929B5A3FB741}.Debug|Any CPU.ActiveCfg = Debug|Any CPU
		{0B952BEE-1304-4678-94AF-929B5A3FB741}.Debug|Any CPU.Build.0 = Debug|Any CPU
		{0B952BEE-1304-4678-94AF-929B5A3FB741}.Release|Any CPU.ActiveCfg = Release|Any CPU
		{0B952BEE-1304-4678-94AF-929B5A3FB741}.Release|Any CPU.Build.0 = Release|Any CPU
	EndGlobalSection
	GlobalSection(SolutionProperties) = preSolution
		HideSolutionNode = FALSE
	EndGlobalSection
	GlobalSection(ExtensibilityGlobals) = postSolution
		SolutionGuid = {417B1F84-2265-49EF-B5B9-2823CB2231BB}
	EndGlobalSection
EndGlobal
